
Microsoft Visual Studio Solution File, Format Version 12.00
# Visual Studio Version 16
VisualStudioVersion = 16.0.29613.14
MinimumVisualStudioVersion = 10.0.40219.1
Project("{FAE04EC0-301F-11D3-BF4B-00C04F79EFBC}") = "LOG_MOUNTER_FUJI", "LOG_MOUNTER_FUJI\LOG_MOUNTER_FUJI.csproj", "{72238ABF-43F7-4A25-A527-E51AFF6EF946}"
EndProject
Global
	GlobalSection(SolutionConfigurationPlatforms) = preSolution
		Debug|Any CPU = Debug|Any CPU
		Release|Any CPU = Release|Any CPU
	EndGlobalSection
	GlobalSection(ProjectConfigurationPlatforms) = postSolution
		{72238ABF-43F7-4A25-A527-E51AFF6EF946}.Debug|Any CPU.ActiveCfg = Debug|Any CPU
		{72238ABF-43F7-4A25-A527-E51AFF6EF946}.Debug|Any CPU.Build.0 = Debug|Any CPU
		{72238ABF-43F7-4A25-A527-E51AFF6EF946}.Release|Any CPU.ActiveCfg = Release|Any CPU
		{72238ABF-43F7-4A25-A527-E51AFF6EF946}.Release|Any CPU.Build.0 = Release|Any CPU
	EndGlobalSection
	GlobalSection(SolutionProperties) = preSolution
		HideSolutionNode = FALSE
	EndGlobalSection
	GlobalSection(ExtensibilityGlobals) = postSolution
		SolutionGuid = {2E08F199-0B87-4615-A5CE-6D78269B3F7D}
	EndGlobalSection
EndGlobal
